github.com/anaminus/but v0.2.0 h1:UPKY6UtvTZH8seod0rfVRsQxP8qssz+P6VE9a2AYeNY=
github.com/anaminus/but v0.2.0/go.mod h1:44z5qYo/3MWnZDi6ifH3IgrFWa1VFfdTttL3IYN/9R4=
github.com/anaminus/deep v0.0.0-20190609161759-a37cba07138a/go.mod h1:Huz2U5cYiGw7Yk7krg8FWM4MCyeVGuRBghqSh0Rsa7c=
github.com/jessevdk/go-flags v1.4.0 h1:4IU2WS7AumrZ/40jfhf4QVDMsQwqA7VEHozFRrGARJA=
github.com/jessevdk/go-flags v1.4.0/go.mod h1:4FA24M0QyGHXBuZZK/XkWh8h0e1EYbRYJSGM75WSRxI=
github.com/mattn/go-sqlite3 v2.0.3+incompatible h1:gXHsfypPkaMZrKbD5209QV9jbUTJKjyR5WD3HYQSd+U=
github.com/mattn/go-sqlite3 v2.0.3+incompatible/go.mod h1:FPy6KqzDD04eiIsT53CuJW3U88zkxoIYsOqkbpncsNc=
github.com/robloxapi/rbxdump v0.2.0-alpha0 h1:4tmH7oHSKz/YSZ6CREm+QoEA5zCT1OwkWFklWkd+iwQ=
github.com/robloxapi/rbxdump v0.2.0-alpha0/go.mod h1:8imPIe5ZmLAhvmNKLu2E2S0QStvvXtt/0m5pxUGdGM0=
